PODS:
  - FlutterMacOS (1.0.0)
  - mapkit_flutter (0.3.0):
    - Flutter
    - FlutterMacOS

DEPENDENCIES:
  - FlutterMacOS (from `Flutter/ephemeral`)
  - mapkit_flutter (from `Flutter/ephemeral/.symlinks/plugins/mapkit_flutter/darwin`)

EXTERNAL SOURCES:
  FlutterMacOS:
    :path: Flutter/ephemeral
  mapkit_flutter:
    :path: Flutter/ephemeral/.symlinks/plugins/mapkit_flutter/darwin

SPEC CHECKSUMS:
  FlutterMacOS: d0db08ddef1a9af05a5ec4b724367152bb0500b1
  mapkit_flutter: 15e4cc548ff5dea9b966f5e92059b6cfb990a630

PODFILE CHECKSUM: d16f5e5d196d1ca9863d7a71d5885cad7ffa7d2d

COCOAPODS: 1.16.2
